// !$*UTF8*$!
{
	archiveVersion = 1;
	classes = {
	};
	objectVersion = 46;
	objects = {

/* Begin PBXBuildFile section */
		155FF4AAEB35425ABADC3BDA /* libPods.a in Frameworks */ = {isa = PBXBuildFile; fileRef = 6A273E326DE54FCF8D321B4E /* libPods.a */; };
		791F832D18EB5D8F00C0BB80 /* _TwitterKitMedia.m in Sources */ = {isa = PBXBuildFile; fileRef = 791F832C18EB5D8F00C0BB80 /* _TwitterKitMedia.m */; };
		791F833018EB5D9700C0BB80 /* TwitterKitMedia.m in Sources */ = {isa = PBXBuildFile; fileRef = 791F832F18EB5D9700C0BB80 /* TwitterKitMedia.m */; };
		791F833318EB5E8200C0BB80 /* _TwitterKitMediaSize.m in Sources */ = {isa = PBXBuildFile; fileRef = 791F833218EB5E8200C0BB80 /* _TwitterKitMediaSize.m */; };
		791F833618EB5E8D00C0BB80 /* TwitterKitMediaSize.m in Sources */ = {isa = PBXBuildFile; fileRef = 791F833518EB5E8D00C0BB80 /* TwitterKitMediaSize.m */; };
		791F833F18EB626D00C0BB80 /* TwitterKitMention.m in Sources */ = {isa = PBXBuildFile; fileRef = 791F833E18EB626D00C0BB80 /* TwitterKitMention.m */; };
		791F834218EB627400C0BB80 /* _TwitterKitMention.m in Sources */ = {isa = PBXBuildFile; fileRef = 791F834118EB627400C0BB80 /* _TwitterKitMention.m */; };
		791F834518EB659100C0BB80 /* TwitterKitSymbol.m in Sources */ = {isa = PBXBuildFile; fileRef = 791F834418EB659100C0BB80 /* TwitterKitSymbol.m */; };
		791F834818EB659600C0BB80 /* _TwitterKitSymbol.m in Sources */ = {isa = PBXBuildFile; fileRef = 791F834718EB659600C0BB80 /* _TwitterKitSymbol.m */; };
		791F835118EB67A800C0BB80 /* TwitterKitPlace.m in Sources */ = {isa = PBXBuildFile; fileRef = 791F835018EB67A800C0BB80 /* TwitterKitPlace.m */; };
		791F835418EB67AD00C0BB80 /* _TwitterKitPlace.m in Sources */ = {isa = PBXBuildFile; fileRef = 791F835318EB67AD00C0BB80 /* _TwitterKitPlace.m */; };
		791F835718EBB9C000C0BB80 /* TwitterKitHashtag.m in Sources */ = {isa = PBXBuildFile; fileRef = 791F835618EBB9C000C0BB80 /* TwitterKitHashtag.m */; };
		791F835A18EBB9C600C0BB80 /* _TwitterKitHashtag.m in Sources */ = {isa = PBXBuildFile; fileRef = 791F835918EBB9C600C0BB80 /* _TwitterKitHashtag.m */; };
		791F835C18EBBC9300C0BB80 /* TwitterKitUrl.m in Sources */ = {isa = PBXBuildFile; fileRef = 791F835B18EBBC9300C0BB80 /* TwitterKitUrl.m */; };
		791F835F18EBBC9900C0BB80 /* _TwitterKitUrl.m in Sources */ = {isa = PBXBuildFile; fileRef = 791F835E18EBBC9900C0BB80 /* _TwitterKitUrl.m */; };
		791F838318F9160D00C0BB80 /* MERTweetsTableViewController.m in Sources */ = {isa = PBXBuildFile; fileRef = 791F838218F9160D00C0BB80 /* MERTweetsTableViewController.m */; };
		791F838618F919C700C0BB80 /* MERTweetDetailViewController.m in Sources */ = {isa = PBXBuildFile; fileRef = 791F838518F919C700C0BB80 /* MERTweetDetailViewController.m */; };
		791F838918F9F2CC00C0BB80 /* MERTweetUpdateViewController.m in Sources */ = {isa = PBXBuildFile; fileRef = 791F838818F9F2CC00C0BB80 /* MERTweetUpdateViewController.m */; };
		791F838C18FA795600C0BB80 /* MERTweetUpdateViewController.xib in Resources */ = {isa = PBXBuildFile; fileRef = 791F838A18FA795600C0BB80 /* MERTweetUpdateViewController.xib */; };
		79D8A4F818E600D30024F0D5 /* _TwitterKitTweet.m in Sources */ = {isa = PBXBuildFile; fileRef = 79D8A4F118E600D30024F0D5 /* _TwitterKitTweet.m */; };
		79D8A4F918E600D30024F0D5 /* _TwitterKitUser.m in Sources */ = {isa = PBXBuildFile; fileRef = 79D8A4F318E600D30024F0D5 /* _TwitterKitUser.m */; };
		79D8A4FA18E600D30024F0D5 /* TwitterKitTweet.m in Sources */ = {isa = PBXBuildFile; fileRef = 79D8A4F518E600D30024F0D5 /* TwitterKitTweet.m */; };
		79D8A4FB18E600D30024F0D5 /* TwitterKitUser.m in Sources */ = {isa = PBXBuildFile; fileRef = 79D8A4F718E600D30024F0D5 /* TwitterKitUser.m */; };
		79D8A51818EA16AA0024F0D5 /* MERTwitterKitUserViewModel.m in Sources */ = {isa = PBXBuildFile; fileRef = 79D8A51718EA16AA0024F0D5 /* MERTwitterKitUserViewModel.m */; };
		79D8A51918EA1CD00024F0D5 /* MERTwitterKitUserViewModel.h in CopyFiles */ = {isa = PBXBuildFile; fileRef = 79D8A51618EA16AA0024F0D5 /* MERTwitterKitUserViewModel.h */; };
		79FCBF1118E49E6E0005959A /* Foundation.framework in Frameworks */ = {isa = PBXBuildFile; fileRef = 79FCBF1018E49E6E0005959A /* Foundation.framework */; };
		79FCBF1F18E49E6E0005959A /* XCTest.framework in Frameworks */ = {isa = PBXBuildFile; fileRef = 79FCBF1E18E49E6E0005959A /* XCTest.framework */; };
		79FCBF2018E49E6E0005959A /* Foundation.framework in Frameworks */ = {isa = PBXBuildFile; fileRef = 79FCBF1018E49E6E0005959A /* Foundation.framework */; };
		79FCBF2218E49E6E0005959A /* UIKit.framework in Frameworks */ = {isa = PBXBuildFile; fileRef = 79FCBF2118E49E6E0005959A /* UIKit.framework */; };
		79FCBF2518E49E6F0005959A /* libMERTwitterKit.a in Frameworks */ = {isa = PBXBuildFile; fileRef = 79FCBF0D18E49E6E0005959A /* libMERTwitterKit.a */; };
		79FCBF2B18E49E6F0005959A /* InfoPlist.strings in Resources */ = {isa = PBXBuildFile; fileRef = 79FCBF2918E49E6F0005959A /* InfoPlist.strings */; };
		79FCBF2D18E49E6F0005959A /* MERTwitterKitTests.m in Sources */ = {isa = PBXBuildFile; fileRef = 79FCBF2C18E49E6F0005959A /* MERTwitterKitTests.m */; };
		79FCBF3B18E49ED20005959A /* MERTwitterClient.m in Sources */ = {isa = PBXBuildFile; fileRef = 79FCBF3A18E49ED20005959A /* MERTwitterClient.m */; };
		79FCBF3D18E49EF10005959A /* MERTwitterKit.h in CopyFiles */ = {isa = PBXBuildFile; fileRef = 79FCBF3618E49E9C0005959A /* MERTwitterKit.h */; };
		79FCBF3E18E49EF30005959A /* MERTwitterClient.h in CopyFiles */ = {isa = PBXBuildFile; fileRef = 79FCBF3918E49ED20005959A /* MERTwitterClient.h */; };
		79FCBF4418E4A2780005959A /* Foundation.framework in Frameworks */ = {isa = PBXBuildFile; fileRef = 79FCBF1018E49E6E0005959A /* Foundation.framework */; };
		79FCBF4618E4A2780005959A /* CoreGraphics.framework in Frameworks */ = {isa = PBXBuildFile; fileRef = 79FCBF4518E4A2780005959A /* CoreGraphics.framework */; };
		79FCBF4718E4A2780005959A /* UIKit.framework in Frameworks */ = {isa = PBXBuildFile; fileRef = 79FCBF2118E49E6E0005959A /* UIKit.framework */; };
		79FCBF4D18E4A2780005959A /* InfoPlist.strings in Resources */ = {isa = PBXBuildFile; fileRef = 79FCBF4B18E4A2780005959A /* InfoPlist.strings */; };
		79FCBF4F18E4A2780005959A /* main.m in Sources */ = {isa = PBXBuildFile; fileRef = 79FCBF4E18E4A2780005959A /* main.m */; };
		79FCBF5318E4A2780005959A /* MERAppDelegate.m in Sources */ = {isa = PBXBuildFile; fileRef = 79FCBF5218E4A2780005959A /* MERAppDelegate.m */; };
		79FCBF5C18E4A2780005959A /* MERRootViewController.m in Sources */ = {isa = PBXBuildFile; fileRef = 79FCBF5B18E4A2780005959A /* MERRootViewController.m */; };
		79FCBF5E18E4A2780005959A /* Images.xcassets in Resources */ = {isa = PBXBuildFile; fileRef = 79FCBF5D18E4A2780005959A /* Images.xcassets */; };
		79FCBF7D18E4A2B00005959A /* CoreFoundation.framework in Frameworks */ = {isa = PBXBuildFile; fileRef = 79FCBF7C18E4A2B00005959A /* CoreFoundation.framework */; };
		79FCBF8318E4A2B00005959A /* InfoPlist.strings in Resources */ = {isa = PBXBuildFile; fileRef = 79FCBF8118E4A2B00005959A /* InfoPlist.strings */; };
		79FCBF8D18E4A2EC0005959A /* MERTwitterKitResources.bundle in Resources */ = {isa = PBXBuildFile; fileRef = 79FCBF7B18E4A2B00005959A /* MERTwitterKitResources.bundle */; };
		79FCBF8E18E4AC510005959A /* libMERTwitterKit.a in Frameworks */ = {isa = PBXBuildFile; fileRef = 79FCBF0D18E49E6E0005959A /* libMERTwitterKit.a */; };
		79FCBF9118E4D0BE0005959A /* MERTwitterKit.xcdatamodeld in Sources */ = {isa = PBXBuildFile; fileRef = 79FCBF8F18E4D0BE0005959A /* MERTwitterKit.xcdatamodeld */; };
		79FCBF9F18E4D2C80005959A /* MERTwitterKitTweetViewModel.m in Sources */ = {isa = PBXBuildFile; fileRef = 79FCBF9E18E4D2C80005959A /* MERTwitterKitTweetViewModel.m */; };
		79FCBFA218E4D9C60005959A /* MERTweetTableViewCell.m in Sources */ = {isa = PBXBuildFile; fileRef = 79FCBFA118E4D9C60005959A /* MERTweetTableViewCell.m */; };
		79FCBFA518E4DA2E0005959A /* MERTwitterKitTweetViewModel.h in CopyFiles */ = {isa = PBXBuildFile; fileRef = 79FCBF9D18E4D2C80005959A /* MERTwitterKitTweetViewModel.h */; };
		79FCBFA718E4DABA0005959A /* MERTweetTableViewCell.xib in Resources */ = {isa = PBXBuildFile; fileRef = 79FCBFA618E4DABA0005959A /* MERTweetTableViewCell.xib */; };
/* End PBXBuildFile section */

/* Begin PBXContainerItemProxy section */
		79FCBF2318E49E6F0005959A /* PBXContainerItemProxy */ = {
			isa = PBXContainerItemProxy;
			containerPortal = 79FCBF0518E49E6E0005959A /* Project object */;
			proxyType = 1;
			remoteGlobalIDString = 79FCBF0C18E49E6E0005959A;
			remoteInfo = MERTwitterKit;
		};
		79FCBF8818E4A2D20005959A /* PBXContainerItemProxy */ = {
			isa = PBXContainerItemProxy;
			containerPortal = 79FCBF0518E49E6E0005959A /* Project object */;
			proxyType = 1;
			remoteGlobalIDString = 79FCBF7A18E4A2B00005959A;
			remoteInfo = MERTwitterKitResources;
		};
		79FCBF8A18E4A2DC0005959A /* PBXContainerItemProxy */ = {
			isa = PBXContainerItemProxy;
			containerPortal = 79FCBF0518E49E6E0005959A /* Project object */;
			proxyType = 1;
			remoteGlobalIDString = 79FCBF0C18E49E6E0005959A;
			remoteInfo = MERTwitterKit;
		};
/* End PBXContainerItemProxy section */

/* Begin PBXCopyFilesBuildPhase section */
		79FCBF0B18E49E6E0005959A /* CopyFiles */ = {
			isa = PBXCopyFilesBuildPhase;
			buildActionMask = 2147483647;
			dstPath = "include/$(PRODUCT_NAME)";
			dstSubfolderSpec = 16;
			files = (
				79FCBF3D18E49EF10005959A /* MERTwitterKit.h in CopyFiles */,
				79FCBF3E18E49EF30005959A /* MERTwitterClient.h in CopyFiles */,
				79FCBFA518E4DA2E0005959A /* MERTwitterKitTweetViewModel.h in CopyFiles */,
				79D8A51918EA1CD00024F0D5 /* MERTwitterKitUserViewModel.h in CopyFiles */,
			);
			runOnlyForDeploymentPostprocessing = 0;
		};
/* End PBXCopyFilesBuildPhase section */

/* Begin PBXFileReference section */
		6A273E326DE54FCF8D321B4E /* libPods.a */ = {isa = PBXFileReference; explicitFileType = archive.ar; includeInIndex = 0; path = libPods.a; sourceTree = BUILT_PRODUCTS_DIR; };
		791F832B18EB5D8F00C0BB80 /* _TwitterKitMedia.h */ = {isa = PBXFileReference; fileEncoding = 4; lastKnownFileType = sourcecode.c.h; path = _TwitterKitMedia.h; sourceTree = "<group>"; };
		791F832C18EB5D8F00C0BB80 /* _TwitterKitMedia.m */ = {isa = PBXFileReference; fileEncoding = 4; lastKnownFileType = sourcecode.c.objc; path = _TwitterKitMedia.m; sourceTree = "<group>"; };
		791F832E18EB5D9700C0BB80 /* TwitterKitMedia.h */ = {isa = PBXFileReference; fileEncoding = 4; lastKnownFileType = sourcecode.c.h; path = TwitterKitMedia.h; sourceTree = "<group>"; };
		791F832F18EB5D9700C0BB80 /* TwitterKitMedia.m */ = {isa = PBXFileReference; fileEncoding = 4; lastKnownFileType = sourcecode.c.objc; path = TwitterKitMedia.m; sourceTree = "<group>"; };
		791F833118EB5E8200C0BB80 /* _TwitterKitMediaSize.h */ = {isa = PBXFileReference; fileEncoding = 4; lastKnownFileType = sourcecode.c.h; path = _TwitterKitMediaSize.h; sourceTree = "<group>"; };
		791F833218EB5E8200C0BB80 /* _TwitterKitMediaSize.m */ = {isa = PBXFileReference; fileEncoding = 4; lastKnownFileType = sourcecode.c.objc; path = _TwitterKitMediaSize.m; sourceTree = "<group>"; };
		791F833418EB5E8D00C0BB80 /* TwitterKitMediaSize.h */ = {isa = PBXFileReference; fileEncoding = 4; lastKnownFileType = sourcecode.c.h; path = TwitterKitMediaSize.h; sourceTree = "<group>"; };
		791F833518EB5E8D00C0BB80 /* TwitterKitMediaSize.m */ = {isa = PBXFileReference; fileEncoding = 4; lastKnownFileType = sourcecode.c.objc; path = TwitterKitMediaSize.m; sourceTree = "<group>"; };
		791F833D18EB626D00C0BB80 /* TwitterKitMention.h */ = {isa = PBXFileReference; fileEncoding = 4; lastKnownFileType = sourcecode.c.h; path = TwitterKitMention.h; sourceTree = "<group>"; };
		791F833E18EB626D00C0BB80 /* TwitterKitMention.m */ = {isa = PBXFileReference; fileEncoding = 4; lastKnownFileType = sourcecode.c.objc; path = TwitterKitMention.m; sourceTree = "<group>"; };
		791F834018EB627400C0BB80 /* _TwitterKitMention.h */ = {isa = PBXFileReference; fileEncoding = 4; lastKnownFileType = sourcecode.c.h; path = _TwitterKitMention.h; sourceTree = "<group>"; };
		791F834118EB627400C0BB80 /* _TwitterKitMention.m */ = {isa = PBXFileReference; fileEncoding = 4; lastKnownFileType = sourcecode.c.objc; path = _TwitterKitMention.m; sourceTree = "<group>"; };
		791F834318EB659100C0BB80 /* TwitterKitSymbol.h */ = {isa = PBXFileReference; fileEncoding = 4; lastKnownFileType = sourcecode.c.h; path = TwitterKitSymbol.h; sourceTree = "<group>"; };
		791F834418EB659100C0BB80 /* TwitterKitSymbol.m */ = {isa = PBXFileReference; fileEncoding = 4; lastKnownFileType = sourcecode.c.objc; path = TwitterKitSymbol.m; sourceTree = "<group>"; };
		791F834618EB659600C0BB80 /* _TwitterKitSymbol.h */ = {isa = PBXFileReference; fileEncoding = 4; lastKnownFileType = sourcecode.c.h; path = _TwitterKitSymbol.h; sourceTree = "<group>"; };
		791F834718EB659600C0BB80 /* _TwitterKitSymbol.m */ = {isa = PBXFileReference; fileEncoding = 4; lastKnownFileType = sourcecode.c.objc; path = _TwitterKitSymbol.m; sourceTree = "<group>"; };
		791F834F18EB67A800C0BB80 /* TwitterKitPlace.h */ = {isa = PBXFileReference; fileEncoding = 4; lastKnownFileType = sourcecode.c.h; path = TwitterKitPlace.h; sourceTree = "<group>"; };
		791F835018EB67A800C0BB80 /* TwitterKitPlace.m */ = {isa = PBXFileReference; fileEncoding = 4; lastKnownFileType = sourcecode.c.objc; path = TwitterKitPlace.m; sourceTree = "<group>"; };
		791F835218EB67AD00C0BB80 /* _TwitterKitPlace.h */ = {isa = PBXFileReference; fileEncoding = 4; lastKnownFileType = sourcecode.c.h; path = _TwitterKitPlace.h; sourceTree = "<group>"; };
		791F835318EB67AD00C0BB80 /* _TwitterKitPlace.m */ = {isa = PBXFileReference; fileEncoding = 4; lastKnownFileType = sourcecode.c.objc; path = _TwitterKitPlace.m; sourceTree = "<group>"; };
		791F835518EBB9C000C0BB80 /* TwitterKitHashtag.h */ = {isa = PBXFileReference; fileEncoding = 4; lastKnownFileType = sourcecode.c.h; path = TwitterKitHashtag.h; sourceTree = "<group>"; };
		791F835618EBB9C000C0BB80 /* TwitterKitHashtag.m */ = {isa = PBXFileReference; fileEncoding = 4; lastKnownFileType = sourcecode.c.objc; path = TwitterKitHashtag.m; sourceTree = "<group>"; };
		791F835818EBB9C600C0BB80 /* _TwitterKitHashtag.h */ = {isa = PBXFileReference; fileEncoding = 4; lastKnownFileType = sourcecode.c.h; path = _TwitterKitHashtag.h; sourceTree = "<group>"; };
		791F835918EBB9C600C0BB80 /* _TwitterKitHashtag.m */ = {isa = PBXFileReference; fileEncoding = 4; lastKnownFileType = sourcecode.c.objc; path = _TwitterKitHashtag.m; sourceTree = "<group>"; };
		791F835B18EBBC9300C0BB80 /* TwitterKitUrl.m */ = {isa = PBXFileReference; fileEncoding = 4; lastKnownFileType = sourcecode.c.objc; path = TwitterKitUrl.m; sourceTree = "<group>"; };
		791F835D18EBBC9900C0BB80 /* _TwitterKitUrl.h */ = {isa = PBXFileReference; fileEncoding = 4; lastKnownFileType = sourcecode.c.h; path = _TwitterKitUrl.h; sourceTree = "<group>"; };
		791F835E18EBBC9900C0BB80 /* _TwitterKitUrl.m */ = {isa = PBXFileReference; fileEncoding = 4; lastKnownFileType = sourcecode.c.objc; path = _TwitterKitUrl.m; sourceTree = "<group>"; };
		791F836018EBBCD600C0BB80 /* TwitterKitUrl.h */ = {isa = PBXFileReference; fileEncoding = 4; lastKnownFileType = sourcecode.c.h; path = TwitterKitUrl.h; sourceTree = "<group>"; };
		791F837B18F8FE1300C0BB80 /* MERTwitterKitTweetViewModel+Private.h */ = {isa = PBXFileReference; fileEncoding = 4; lastKnownFileType = sourcecode.c.h; path = "MERTwitterKitTweetViewModel+Private.h"; sourceTree = "<group>"; };
		791F837E18F8FF1800C0BB80 /* MERTwitterKitUserViewModel+Private.h */ = {isa = PBXFileReference; fileEncoding = 4; lastKnownFileType = sourcecode.c.h; path = "MERTwitterKitUserViewModel+Private.h"; sourceTree = "<group>"; };
		791F838118F9160D00C0BB80 /* MERTweetsTableViewController.h */ = {isa = PBXFileReference; fileEncoding = 4; lastKnownFileType = sourcecode.c.h; path = MERTweetsTableViewController.h; sourceTree = "<group>"; };
		791F838218F9160D00C0BB80 /* MERTweetsTableViewController.m */ = {isa = PBXFileReference; fileEncoding = 4; lastKnownFileType = sourcecode.c.objc; path = MERTweetsTableViewController.m; sourceTree = "<group>"; };
		791F838418F919C700C0BB80 /* MERTweetDetailViewController.h */ = {isa = PBXFileReference; fileEncoding = 4; lastKnownFileType = sourcecode.c.h; path = MERTweetDetailViewController.h; sourceTree = "<group>"; };
		791F838518F919C700C0BB80 /* MERTweetDetailViewController.m */ = {isa = PBXFileReference; fileEncoding = 4; lastKnownFileType = sourcecode.c.objc; path = MERTweetDetailViewController.m; sourceTree = "<group>"; };
		791F838718F9F2CC00C0BB80 /* MERTweetUpdateViewController.h */ = {isa = PBXFileReference; fileEncoding = 4; lastKnownFileType = sourcecode.c.h; path = MERTweetUpdateViewController.h; sourceTree = "<group>"; };
		791F838818F9F2CC00C0BB80 /* MERTweetUpdateViewController.m */ = {isa = PBXFileReference; fileEncoding = 4; lastKnownFileType = sourcecode.c.objc; path = MERTweetUpdateViewController.m; sourceTree = "<group>"; };
		791F838B18FA795600C0BB80 /* en */ = {isa = PBXFileReference; lastKnownFileType = file.xib; name = en; path = en.lproj/MERTweetUpdateViewController.xib; sourceTree = "<group>"; };
		79D8A4F018E600D30024F0D5 /* _TwitterKitTweet.h */ = {isa = PBXFileReference; fileEncoding = 4; lastKnownFileType = sourcecode.c.h; path = _TwitterKitTweet.h; sourceTree = "<group>"; };
		79D8A4F118E600D30024F0D5 /* _TwitterKitTweet.m */ = {isa = PBXFileReference; fileEncoding = 4; lastKnownFileType = sourcecode.c.objc; path = _TwitterKitTweet.m; sourceTree = "<group>"; };
		79D8A4F218E600D30024F0D5 /* _TwitterKitUser.h */ = {isa = PBXFileReference; fileEncoding = 4; lastKnownFileType = sourcecode.c.h; path = _TwitterKitUser.h; sourceTree = "<group>"; };
		79D8A4F318E600D30024F0D5 /* _TwitterKitUser.m */ = {isa = PBXFileReference; fileEncoding = 4; lastKnownFileType = sourcecode.c.objc; path = _TwitterKitUser.m; sourceTree = "<group>"; };
		79D8A4F418E600D30024F0D5 /* TwitterKitTweet.h */ = {isa = PBXFileReference; fileEncoding = 4; lastKnownFileType = sourcecode.c.h; path = TwitterKitTweet.h; sourceTree = "<group>"; };
		79D8A4F518E600D30024F0D5 /* TwitterKitTweet.m */ = {isa = PBXFileReference; fileEncoding = 4; lastKnownFileType = sourcecode.c.objc; path = TwitterKitTweet.m; sourceTree = "<group>"; };
		79D8A4F618E600D30024F0D5 /* TwitterKitUser.h */ = {isa = PBXFileReference; fileEncoding = 4; lastKnownFileType = sourcecode.c.h; path = TwitterKitUser.h; sourceTree = "<group>"; };
		79D8A4F718E600D30024F0D5 /* TwitterKitUser.m */ = {isa = PBXFileReference; fileEncoding = 4; lastKnownFileType = sourcecode.c.objc; path = TwitterKitUser.m; sourceTree = "<group>"; };
		79D8A51618EA16AA0024F0D5 /* MERTwitterKitUserViewModel.h */ = {isa = PBXFileReference; fileEncoding = 4; lastKnownFileType = sourcecode.c.h; path = MERTwitterKitUserViewModel.h; sourceTree = "<group>"; };
		79D8A51718EA16AA0024F0D5 /* MERTwitterKitUserViewModel.m */ = {isa = PBXFileReference; fileEncoding = 4; lastKnownFileType = sourcecode.c.objc; path = MERTwitterKitUserViewModel.m; sourceTree = "<group>"; };
		79FCBF0D18E49E6E0005959A /* libMERTwitterKit.a */ = {isa = PBXFileReference; explicitFileType = archive.ar; includeInIndex = 0; path = libMERTwitterKit.a; sourceTree = BUILT_PRODUCTS_DIR; };
		79FCBF1018E49E6E0005959A /* Foundation.framework */ = {isa = PBXFileReference; lastKnownFileType = wrapper.framework; name = Foundation.framework; path = System/Library/Frameworks/Foundation.framework; sourceTree = SDKROOT; };
		79FCBF1418E49E6E0005959A /* MERTwitterKit-Prefix.pch */ = {isa = PBXFileReference; lastKnownFileType = sourcecode.c.h; path = "MERTwitterKit-Prefix.pch"; sourceTree = "<group>"; };
		79FCBF1D18E49E6E0005959A /* MERTwitterKitTests.xctest */ = {isa = PBXFileReference; explicitFileType = wrapper.cfbundle; includeInIndex = 0; path = MERTwitterKitTests.xctest; sourceTree = BUILT_PRODUCTS_DIR; };
		79FCBF1E18E49E6E0005959A /* XCTest.framework */ = {isa = PBXFileReference; lastKnownFileType = wrapper.framework; name = XCTest.framework; path = Library/Frameworks/XCTest.framework; sourceTree = DEVELOPER_DIR; };
		79FCBF2118E49E6E0005959A /* UIKit.framework */ = {isa = PBXFileReference; lastKnownFileType = wrapper.framework; name = UIKit.framework; path = Library/Frameworks/UIKit.framework; sourceTree = DEVELOPER_DIR; };
		79FCBF2818E49E6F0005959A /* MERTwitterKitTests-Info.plist */ = {isa = PBXFileReference; lastKnownFileType = text.plist.xml; path = "MERTwitterKitTests-Info.plist"; sourceTree = "<group>"; };
		79FCBF2A18E49E6F0005959A /* en */ = {isa = PBXFileReference; lastKnownFileType = text.plist.strings; name = en; path = en.lproj/InfoPlist.strings; sourceTree = "<group>"; };
		79FCBF2C18E49E6F0005959A /* MERTwitterKitTests.m */ = {isa = PBXFileReference; lastKnownFileType = sourcecode.c.objc; path = MERTwitterKitTests.m; sourceTree = "<group>"; };
		79FCBF3618E49E9C0005959A /* MERTwitterKit.h */ = {isa = PBXFileReference; fileEncoding = 4; lastKnownFileType = sourcecode.c.h; path = MERTwitterKit.h; sourceTree = "<group>"; };
		79FCBF3918E49ED20005959A /* MERTwitterClient.h */ = {isa = PBXFileReference; fileEncoding = 4; lastKnownFileType = sourcecode.c.h; path = MERTwitterClient.h; sourceTree = "<group>"; };
		79FCBF3A18E49ED20005959A /* MERTwitterClient.m */ = {isa = PBXFileReference; fileEncoding = 4; lastKnownFileType = sourcecode.c.objc; path = MERTwitterClient.m; sourceTree = "<group>"; };
		79FCBF4318E4A2780005959A /* MERTwitterKitDemo.app */ = {isa = PBXFileReference; explicitFileType = wrapper.application; includeInIndex = 0; path = MERTwitterKitDemo.app; sourceTree = BUILT_PRODUCTS_DIR; };
		79FCBF4518E4A2780005959A /* CoreGraphics.framework */ = {isa = PBXFileReference; lastKnownFileType = wrapper.framework; name = CoreGraphics.framework; path = System/Library/Frameworks/CoreGraphics.framework; sourceTree = SDKROOT; };
		79FCBF4A18E4A2780005959A /* MERTwitterKitDemo-Info.plist */ = {isa = PBXFileReference; lastKnownFileType = text.plist.xml; path = "MERTwitterKitDemo-Info.plist"; sourceTree = "<group>"; };
		79FCBF4C18E4A2780005959A /* en */ = {isa = PBXFileReference; lastKnownFileType = text.plist.strings; name = en; path = en.lproj/InfoPlist.strings; sourceTree = "<group>"; };
		79FCBF4E18E4A2780005959A /* main.m */ = {isa = PBXFileReference; lastKnownFileType = sourcecode.c.objc; path = main.m; sourceTree = "<group>"; };
		79FCBF5018E4A2780005959A /* MERTwitterKitDemo-Prefix.pch */ = {isa = PBXFileReference; lastKnownFileType = sourcecode.c.h; path = "MERTwitterKitDemo-Prefix.pch"; sourceTree = "<group>"; };
		79FCBF5118E4A2780005959A /* MERAppDelegate.h */ = {isa = PBXFileReference; lastKnownFileType = sourcecode.c.h; path = MERAppDelegate.h; sourceTree = "<group>"; };
		79FCBF5218E4A2780005959A /* MERAppDelegate.m */ = {isa = PBXFileReference; lastKnownFileType = sourcecode.c.objc; path = MERAppDelegate.m; sourceTree = "<group>"; };
		79FCBF5A18E4A2780005959A /* MERRootViewController.h */ = {isa = PBXFileReference; lastKnownFileType = sourcecode.c.h; path = MERRootViewController.h; sourceTree = "<group>"; };
		79FCBF5B18E4A2780005959A /* MERRootViewController.m */ = {isa = PBXFileReference; lastKnownFileType = sourcecode.c.objc; path = MERRootViewController.m; sourceTree = "<group>"; };
		79FCBF5D18E4A2780005959A /* Images.xcassets */ = {isa = PBXFileReference; lastKnownFileType = folder.assetcatalog; path = Images.xcassets; sourceTree = "<group>"; };
		79FCBF7B18E4A2B00005959A /* MERTwitterKitResources.bundle */ = {isa = PBXFileReference; explicitFileType = wrapper.cfbundle; includeInIndex = 0; path = MERTwitterKitResources.bundle; sourceTree = BUILT_PRODUCTS_DIR; };
		79FCBF7C18E4A2B00005959A /* CoreFoundation.framework */ = {isa = PBXFileReference; lastKnownFileType = wrapper.framework; name = CoreFoundation.framework; path = System/Library/Frameworks/CoreFoundation.framework; sourceTree = SDKROOT; };
		79FCBF8018E4A2B00005959A /* MERTwitterKitResources-Info.plist */ = {isa = PBXFileReference; lastKnownFileType = text.plist.xml; path = "MERTwitterKitResources-Info.plist"; sourceTree = "<group>"; };
		79FCBF8218E4A2B00005959A /* en */ = {isa = PBXFileReference; lastKnownFileType = text.plist.strings; name = en; path = en.lproj/InfoPlist.strings; sourceTree = "<group>"; };
		79FCBF8418E4A2B00005959A /* MERTwitterKitResources-Prefix.pch */ = {isa = PBXFileReference; lastKnownFileType = sourcecode.c.h; path = "MERTwitterKitResources-Prefix.pch"; sourceTree = "<group>"; };
		79FCBF9018E4D0BE0005959A /* MERTwitterKit.xcdatamodel */ = {isa = PBXFileReference; lastKnownFileType = wrapper.xcdatamodel; path = MERTwitterKit.xcdatamodel; sourceTree = "<group>"; };
		79FCBF9D18E4D2C80005959A /* MERTwitterKitTweetViewModel.h */ = {isa = PBXFileReference; fileEncoding = 4; lastKnownFileType = sourcecode.c.h; path = MERTwitterKitTweetViewModel.h; sourceTree = "<group>"; };
		79FCBF9E18E4D2C80005959A /* MERTwitterKitTweetViewModel.m */ = {isa = PBXFileReference; fileEncoding = 4; lastKnownFileType = sourcecode.c.objc; path = MERTwitterKitTweetViewModel.m; sourceTree = "<group>"; };
		79FCBFA018E4D9C60005959A /* MERTweetTableViewCell.h */ = {isa = PBXFileReference; fileEncoding = 4; lastKnownFileType = sourcecode.c.h; path = MERTweetTableViewCell.h; sourceTree = "<group>"; };
		79FCBFA118E4D9C60005959A /* MERTweetTableViewCell.m */ = {isa = PBXFileReference; fileEncoding = 4; lastKnownFileType = sourcecode.c.objc; path = MERTweetTableViewCell.m; sourceTree = "<group>"; };
		79FCBFA618E4DABA0005959A /* MERTweetTableViewCell.xib */ = {isa = PBXFileReference; fileEncoding = 4; lastKnownFileType = file.xib; path = MERTweetTableViewCell.xib; sourceTree = "<group>"; };
		DC80D293A3DB467EAA889C69 /* Pods.xcconfig */ = {isa = PBXFileReference; includeInIndex = 1; lastKnownFileType = text.xcconfig; name = Pods.xcconfig; path = Pods/Pods.xcconfig; sourceTree = "<group>"; };
/* End PBXFileReference section */

/* Begin PBXFrameworksBuildPhase section */
		79FCBF0A18E49E6E0005959A /* Frameworks */ = {
			isa = PBXFrameworksBuildPhase;
			buildActionMask = 2147483647;
			files = (
				79FCBF1118E49E6E0005959A /* Foundation.framework in Frameworks */,
			);
			runOnlyForDeploymentPostprocessing = 0;
		};
		79FCBF1A18E49E6E0005959A /* Frameworks */ = {
			isa = PBXFrameworksBuildPhase;
			buildActionMask = 2147483647;
			files = (
				79FCBF1F18E49E6E0005959A /* XCTest.framework in Frameworks */,
				79FCBF2218E49E6E0005959A /* UIKit.framework in Frameworks */,
				79FCBF2018E49E6E0005959A /* Foundation.framework in Frameworks */,
				79FCBF2518E49E6F0005959A /* libMERTwitterKit.a in Frameworks */,
			);
			runOnlyForDeploymentPostprocessing = 0;
		};
		79FCBF4018E4A2780005959A /* Frameworks */ = {
			isa = PBXFrameworksBuildPhase;
			buildActionMask = 2147483647;
			files = (
				79FCBF8E18E4AC510005959A /* libMERTwitterKit.a in Frameworks */,
				79FCBF4618E4A2780005959A /* CoreGraphics.framework in Frameworks */,
				79FCBF4718E4A2780005959A /* UIKit.framework in Frameworks */,
				79FCBF4418E4A2780005959A /* Foundation.framework in Frameworks */,
				155FF4AAEB35425ABADC3BDA /* libPods.a in Frameworks */,
			);
			runOnlyForDeploymentPostprocessing = 0;
		};
		79FCBF7818E4A2B00005959A /* Frameworks */ = {
			isa = PBXFrameworksBuildPhase;
			buildActionMask = 2147483647;
			files = (
				79FCBF7D18E4A2B00005959A /* CoreFoundation.framework in Frameworks */,
			);
			runOnlyForDeploymentPostprocessing = 0;
		};
/* End PBXFrameworksBuildPhase section */

/* Begin PBXGroup section */
		791F837A18F8FE0100C0BB80 /* Private */ = {
			isa = PBXGroup;
			children = (
				791F837B18F8FE1300C0BB80 /* MERTwitterKitTweetViewModel+Private.h */,
				791F837E18F8FF1800C0BB80 /* MERTwitterKitUserViewModel+Private.h */,
			);
			path = Private;
			sourceTree = "<group>";
		};
		79D8A4EE18E600D30024F0D5 /* CoreData */ = {
			isa = PBXGroup;
			children = (
				791F836018EBBCD600C0BB80 /* TwitterKitUrl.h */,
				791F835B18EBBC9300C0BB80 /* TwitterKitUrl.m */,
				791F835518EBB9C000C0BB80 /* TwitterKitHashtag.h */,
				791F835618EBB9C000C0BB80 /* TwitterKitHashtag.m */,
				791F834F18EB67A800C0BB80 /* TwitterKitPlace.h */,
				791F835018EB67A800C0BB80 /* TwitterKitPlace.m */,
				791F834318EB659100C0BB80 /* TwitterKitSymbol.h */,
				791F834418EB659100C0BB80 /* TwitterKitSymbol.m */,
				791F833D18EB626D00C0BB80 /* TwitterKitMention.h */,
				791F833E18EB626D00C0BB80 /* TwitterKitMention.m */,
				791F833418EB5E8D00C0BB80 /* TwitterKitMediaSize.h */,
				791F833518EB5E8D00C0BB80 /* TwitterKitMediaSize.m */,
				791F832E18EB5D9700C0BB80 /* TwitterKitMedia.h */,
				791F832F18EB5D9700C0BB80 /* TwitterKitMedia.m */,
				79D8A4EF18E600D30024F0D5 /* machine */,
				79D8A4F418E600D30024F0D5 /* TwitterKitTweet.h */,
				79D8A4F518E600D30024F0D5 /* TwitterKitTweet.m */,
				79D8A4F618E600D30024F0D5 /* TwitterKitUser.h */,
				79D8A4F718E600D30024F0D5 /* TwitterKitUser.m */,
			);
			path = CoreData;
			sourceTree = "<group>";
		};
		79D8A4EF18E600D30024F0D5 /* machine */ = {
			isa = PBXGroup;
			children = (
				791F835D18EBBC9900C0BB80 /* _TwitterKitUrl.h */,
				791F835E18EBBC9900C0BB80 /* _TwitterKitUrl.m */,
				791F835818EBB9C600C0BB80 /* _TwitterKitHashtag.h */,
				791F835918EBB9C600C0BB80 /* _TwitterKitHashtag.m */,
				791F835218EB67AD00C0BB80 /* _TwitterKitPlace.h */,
				791F835318EB67AD00C0BB80 /* _TwitterKitPlace.m */,
				791F834618EB659600C0BB80 /* _TwitterKitSymbol.h */,
				791F834718EB659600C0BB80 /* _TwitterKitSymbol.m */,
				791F834018EB627400C0BB80 /* _TwitterKitMention.h */,
				791F834118EB627400C0BB80 /* _TwitterKitMention.m */,
				791F833118EB5E8200C0BB80 /* _TwitterKitMediaSize.h */,
				791F833218EB5E8200C0BB80 /* _TwitterKitMediaSize.m */,
				791F832B18EB5D8F00C0BB80 /* _TwitterKitMedia.h */,
				791F832C18EB5D8F00C0BB80 /* _TwitterKitMedia.m */,
				79D8A4F018E600D30024F0D5 /* _TwitterKitTweet.h */,
				79D8A4F118E600D30024F0D5 /* _TwitterKitTweet.m */,
				79D8A4F218E600D30024F0D5 /* _TwitterKitUser.h */,
				79D8A4F318E600D30024F0D5 /* _TwitterKitUser.m */,
			);
			path = machine;
			sourceTree = "<group>";
		};
		79FCBF0418E49E6E0005959A = {
			isa = PBXGroup;
			children = (
				79FCBF1218E49E6E0005959A /* MERTwitterKit */,
				79FCBF2618E49E6F0005959A /* MERTwitterKitTests */,
				79FCBF7E18E4A2B00005959A /* MERTwitterKitResources */,
				79FCBF4818E4A2780005959A /* MERTwitterKitDemo */,
				79FCBF0F18E49E6E0005959A /* Frameworks */,
				79FCBF0E18E49E6E0005959A /* Products */,
				DC80D293A3DB467EAA889C69 /* Pods.xcconfig */,
			);
			sourceTree = "<group>";
		};
		79FCBF0E18E49E6E0005959A /* Products */ = {
			isa = PBXGroup;
			children = (
				79FCBF0D18E49E6E0005959A /* libMERTwitterKit.a */,
				79FCBF1D18E49E6E0005959A /* MERTwitterKitTests.xctest */,
				79FCBF4318E4A2780005959A /* MERTwitterKitDemo.app */,
				79FCBF7B18E4A2B00005959A /* MERTwitterKitResources.bundle */,
			);
			name = Products;
			sourceTree = "<group>";
		};
		79FCBF0F18E49E6E0005959A /* Frameworks */ = {
			isa = PBXGroup;
			children = (
				79FCBF1018E49E6E0005959A /* Foundation.framework */,
				79FCBF1E18E49E6E0005959A /* XCTest.framework */,
				79FCBF2118E49E6E0005959A /* UIKit.framework */,
				79FCBF4518E4A2780005959A /* CoreGraphics.framework */,
				79FCBF7C18E4A2B00005959A /* CoreFoundation.framework */,
				6A273E326DE54FCF8D321B4E /* libPods.a */,
			);
			name = Frameworks;
			sourceTree = "<group>";
		};
		79FCBF1218E49E6E0005959A /* MERTwitterKit */ = {
			isa = PBXGroup;
			children = (
				79FCBF3618E49E9C0005959A /* MERTwitterKit.h */,
				79FCBF3C18E49ED90005959A /* Classes */,
				79FCBF1318E49E6E0005959A /* Supporting Files */,
			);
			path = MERTwitterKit;
			sourceTree = "<group>";
		};
		79FCBF1318E49E6E0005959A /* Supporting Files */ = {
			isa = PBXGroup;
			children = (
				79FCBF1418E49E6E0005959A /* MERTwitterKit-Prefix.pch */,
			);
			name = "Supporting Files";
			sourceTree = "<group>";
		};
		79FCBF2618E49E6F0005959A /* MERTwitterKitTests */ = {
			isa = PBXGroup;
			children = (
				79FCBF2C18E49E6F0005959A /* MERTwitterKitTests.m */,
				79FCBF2718E49E6F0005959A /* Supporting Files */,
			);
			path = MERTwitterKitTests;
			sourceTree = "<group>";
		};
		79FCBF2718E49E6F0005959A /* Supporting Files */ = {
			isa = PBXGroup;
			children = (
				79FCBF2818E49E6F0005959A /* MERTwitterKitTests-Info.plist */,
				79FCBF2918E49E6F0005959A /* InfoPlist.strings */,
			);
			name = "Supporting Files";
			sourceTree = "<group>";
		};
		79FCBF3C18E49ED90005959A /* Classes */ = {
			isa = PBXGroup;
			children = (
				79FCBF3918E49ED20005959A /* MERTwitterClient.h */,
				79FCBF3A18E49ED20005959A /* MERTwitterClient.m */,
				79D8A4EE18E600D30024F0D5 /* CoreData */,
				791F837A18F8FE0100C0BB80 /* Private */,
				79FCBF9C18E4D26A0005959A /* View Models */,
			);
			name = Classes;
			sourceTree = "<group>";
		};
		79FCBF4818E4A2780005959A /* MERTwitterKitDemo */ = {
			isa = PBXGroup;
			children = (
				79FCBF5118E4A2780005959A /* MERAppDelegate.h */,
				79FCBF5218E4A2780005959A /* MERAppDelegate.m */,
				79FCBF5A18E4A2780005959A /* MERRootViewController.h */,
				79FCBF5B18E4A2780005959A /* MERRootViewController.m */,
				791F838718F9F2CC00C0BB80 /* MERTweetUpdateViewController.h */,
				791F838818F9F2CC00C0BB80 /* MERTweetUpdateViewController.m */,
				791F838A18FA795600C0BB80 /* MERTweetUpdateViewController.xib */,
				791F838418F919C700C0BB80 /* MERTweetDetailViewController.h */,
				791F838518F919C700C0BB80 /* MERTweetDetailViewController.m */,
				791F838118F9160D00C0BB80 /* MERTweetsTableViewController.h */,
				791F838218F9160D00C0BB80 /* MERTweetsTableViewController.m */,
				79FCBFA018E4D9C60005959A /* MERTweetTableViewCell.h */,
				79FCBFA118E4D9C60005959A /* MERTweetTableViewCell.m */,
				79FCBFA618E4DABA0005959A /* MERTweetTableViewCell.xib */,
				79FCBF5D18E4A2780005959A /* Images.xcassets */,
				79FCBF4918E4A2780005959A /* Supporting Files */,
			);
			path = MERTwitterKitDemo;
			sourceTree = "<group>";
		};
		79FCBF4918E4A2780005959A /* Supporting Files */ = {
			isa = PBXGroup;
			children = (
				79FCBF4A18E4A2780005959A /* MERTwitterKitDemo-Info.plist */,
				79FCBF4B18E4A2780005959A /* InfoPlist.strings */,
				79FCBF4E18E4A2780005959A /* main.m */,
				79FCBF5018E4A2780005959A /* MERTwitterKitDemo-Prefix.pch */,
			);
			name = "Supporting Files";
			sourceTree = "<group>";
		};
		79FCBF7E18E4A2B00005959A /* MERTwitterKitResources */ = {
			isa = PBXGroup;
			children = (
				79FCBF7F18E4A2B00005959A /* Supporting Files */,
			);
			path = MERTwitterKitResources;
			sourceTree = "<group>";
		};
		79FCBF7F18E4A2B00005959A /* Supporting Files */ = {
			isa = PBXGroup;
			children = (
				79FCBF8018E4A2B00005959A /* MERTwitterKitResources-Info.plist */,
				79FCBF8118E4A2B00005959A /* InfoPlist.strings */,
				79FCBF8418E4A2B00005959A /* MERTwitterKitResources-Prefix.pch */,
				79FCBF8F18E4D0BE0005959A /* MERTwitterKit.xcdatamodeld */,
			);
			name = "Supporting Files";
			sourceTree = "<group>";
		};
		79FCBF9C18E4D26A0005959A /* View Models */ = {
			isa = PBXGroup;
			children = (
				79FCBF9D18E4D2C80005959A /* MERTwitterKitTweetViewModel.h */,
				79FCBF9E18E4D2C80005959A /* MERTwitterKitTweetViewModel.m */,
				79D8A51618EA16AA0024F0D5 /* MERTwitterKitUserViewModel.h */,
				79D8A51718EA16AA0024F0D5 /* MERTwitterKitUserViewModel.m */,
			);
			name = "View Models";
			sourceTree = "<group>";
		};
/* End PBXGroup section */

/* Begin PBXNativeTarget section */
		79FCBF0C18E49E6E0005959A /* MERTwitterKit */ = {
			isa = PBXNativeTarget;
			buildConfigurationList = 79FCBF3018E49E6F0005959A /* Build configuration list for PBXNativeTarget "MERTwitterKit" */;
			buildPhases = (
				79FCBF9218E4D1D40005959A /* mogenerator */,
				79FCBF9318E4D2140005959A /* genstrings */,
				79FCBF0918E49E6E0005959A /* Sources */,
				79FCBF0A18E49E6E0005959A /* Frameworks */,
				79FCBF0B18E49E6E0005959A /* CopyFiles */,
			);
			buildRules = (
			);
			dependencies = (
				79FCBF8918E4A2D20005959A /* PBXTargetDependency */,
			);
			name = MERTwitterKit;
			productName = MERTwitterKit;
			productReference = 79FCBF0D18E49E6E0005959A /* libMERTwitterKit.a */;
			productType = "com.apple.product-type.library.static";
		};
		79FCBF1C18E49E6E0005959A /* MERTwitterKitTests */ = {
			isa = PBXNativeTarget;
			buildConfigurationList = 79FCBF3318E49E6F0005959A /* Build configuration list for PBXNativeTarget "MERTwitterKitTests" */;
			buildPhases = (
				79FCBF1918E49E6E0005959A /* Sources */,
				79FCBF1A18E49E6E0005959A /* Frameworks */,
				79FCBF1B18E49E6E0005959A /* Resources */,
			);
			buildRules = (
			);
			dependencies = (
				79FCBF2418E49E6F0005959A /* PBXTargetDependency */,
			);
			name = MERTwitterKitTests;
			productName = MERTwitterKitTests;
			productReference = 79FCBF1D18E49E6E0005959A /* MERTwitterKitTests.xctest */;
			productType = "com.apple.product-type.bundle.unit-test";
		};
		79FCBF4218E4A2780005959A /* MERTwitterKitDemo */ = {
			isa = PBXNativeTarget;
			buildConfigurationList = 79FCBF7118E4A2780005959A /* Build configuration list for PBXNativeTarget "MERTwitterKitDemo" */;
			buildPhases = (
				C91B5E7D9BF243B19214F8D4 /* Check Pods Manifest.lock */,
				79FCBF3F18E4A2780005959A /* Sources */,
				79FCBF4018E4A2780005959A /* Frameworks */,
				79FCBF4118E4A2780005959A /* Resources */,
				9483EA949D88431AA9A8ADA9 /* Copy Pods Resources */,
			);
			buildRules = (
			);
			dependencies = (
				79FCBF8B18E4A2DC0005959A /* PBXTargetDependency */,
			);
			name = MERTwitterKitDemo;
			productName = MERTwitterKitDemo;
			productReference = 79FCBF4318E4A2780005959A /* MERTwitterKitDemo.app */;
			productType = "com.apple.product-type.application";
		};
		79FCBF7A18E4A2B00005959A /* MERTwitterKitResources */ = {
			isa = PBXNativeTarget;
			buildConfigurationList = 79FCBF8518E4A2B00005959A /* Build configuration list for PBXNativeTarget "MERTwitterKitResources" */;
			buildPhases = (
				79FCBF7718E4A2B00005959A /* Sources */,
				79FCBF7818E4A2B00005959A /* Frameworks */,
				79FCBF7918E4A2B00005959A /* Resources */,
			);
			buildRules = (
			);
			dependencies = (
			);
			name = MERTwitterKitResources;
			productName = MERTwitterKitResources;
			productReference = 79FCBF7B18E4A2B00005959A /* MERTwitterKitResources.bundle */;
			productType = "com.apple.product-type.bundle";
		};
/* End PBXNativeTarget section */

/* Begin PBXProject section */
		79FCBF0518E49E6E0005959A /* Project object */ = {
			isa = PBXProject;
			attributes = {
				LastUpgradeCheck = 0510;
				ORGANIZATIONNAME = "Maestro, LLC.";
				TargetAttributes = {
					79FCBF1C18E49E6E0005959A = {
						TestTargetID = 79FCBF4218E4A2780005959A;
					};
				};
			};
			buildConfigurationList = 79FCBF0818E49E6E0005959A /* Build configuration list for PBXProject "MERTwitterKit" */;
			compatibilityVersion = "Xcode 3.2";
			developmentRegion = English;
			hasScannedForEncodings = 0;
			knownRegions = (
				en,
				Base,
			);
			mainGroup = 79FCBF0418E49E6E0005959A;
			productRefGroup = 79FCBF0E18E49E6E0005959A /* Products */;
			projectDirPath = "";
			projectRoot = "";
			targets = (
				79FCBF0C18E49E6E0005959A /* MERTwitterKit */,
				79FCBF1C18E49E6E0005959A /* MERTwitterKitTests */,
				79FCBF7A18E4A2B00005959A /* MERTwitterKitResources */,
				79FCBF4218E4A2780005959A /* MERTwitterKitDemo */,
			);
		};
/* End PBXProject section */

/* Begin PBXResourcesBuildPhase section */
		79FCBF1B18E49E6E0005959A /* Resources */ = {
			isa = PBXResourcesBuildPhase;
			buildActionMask = 2147483647;
			files = (
				79FCBF2B18E49E6F0005959A /* InfoPlist.strings in Resources */,
			);
			runOnlyForDeploymentPostprocessing = 0;
		};
		79FCBF4118E4A2780005959A /* Resources */ = {
			isa = PBXResourcesBuildPhase;
			buildActionMask = 2147483647;
			files = (
				79FCBF8D18E4A2EC0005959A /* MERTwitterKitResources.bundle in Resources */,
				79FCBFA718E4DABA0005959A /* MERTweetTableViewCell.xib in Resources */,
				79FCBF5E18E4A2780005959A /* Images.xcassets in Resources */,
				791F838C18FA795600C0BB80 /* MERTweetUpdateViewController.xib in Resources */,
				79FCBF4D18E4A2780005959A /* InfoPlist.strings in Resources */,
			);
			runOnlyForDeploymentPostprocessing = 0;
		};
		79FCBF7918E4A2B00005959A /* Resources */ = {
			isa = PBXResourcesBuildPhase;
			buildActionMask = 2147483647;
			files = (
				79FCBF8318E4A2B00005959A /* InfoPlist.strings in Resources */,
			);
			runOnlyForDeploymentPostprocessing = 0;
		};
/* End PBXResourcesBuildPhase section */

/* Begin PBXShellScriptBuildPhase section */
		79FCBF9218E4D1D40005959A /* mogenerator */ = {
			isa = PBXShellScriptBuildPhase;
			buildActionMask = 2147483647;
			files = (
			);
			inputPaths = (
			);
			name = mogenerator;
			outputPaths = (
			);
			runOnlyForDeploymentPostprocessing = 0;
			shellPath = /bin/sh;
			shellScript = "mogenerator -m $SRCROOT/MERTwitterKitResources/$TARGET_NAME.xcdatamodeld/$TARGET_NAME.xcdatamodel -H $SRCROOT/$TARGET_NAME/CoreData -M $SRCROOT/$TARGET_NAME/CoreData/machine --template-var arc=true";
		};
		79FCBF9318E4D2140005959A /* genstrings */ = {
			isa = PBXShellScriptBuildPhase;
			buildActionMask = 2147483647;
			files = (
			);
			inputPaths = (
			);
			name = genstrings;
			outputPaths = (
			);
			runOnlyForDeploymentPostprocessing = 0;
			shellPath = /bin/sh;
			shellScript = "genstrings -s NSLocalizedString -q -o $SRCROOT/MERTwitterKitResources/en.lproj $SRCROOT/$TARGET_NAME/*.m";
		};
		9483EA949D88431AA9A8ADA9 /* Copy Pods Resources */ = {
			isa = PBXShellScriptBuildPhase;
			buildActionMask = 2147483647;
			files = (
			);
			inputPaths = (
			);
			name = "Copy Pods Resources";
			outputPaths = (
			);
			runOnlyForDeploymentPostprocessing = 0;
			shellPath = /bin/sh;
			shellScript = "\"${SRCROOT}/Pods/Pods-resources.sh\"\n";
			showEnvVarsInLog = 0;
		};
		C91B5E7D9BF243B19214F8D4 /* Check Pods Manifest.lock */ = {
			isa = PBXShellScriptBuildPhase;
			buildActionMask = 2147483647;
			files = (
			);
			inputPaths = (
			);
			name = "Check Pods Manifest.lock";
			outputPaths = (
			);
			runOnlyForDeploymentPostprocessing = 0;
			shellPath = /bin/sh;
			shellScript = "diff \"${PODS_ROOT}/../Podfile.lock\" \"${PODS_ROOT}/Manifest.lock\" > /dev/null\nif [[ $? != 0 ]] ; then\n    cat << EOM\nerror: The sandbox is not in sync with the Podfile.lock. Run 'pod install' or update your CocoaPods installation.\nEOM\n    exit 1\nfi\n";
			showEnvVarsInLog = 0;
		};
/* End PBXShellScriptBuildPhase section */

/* Begin PBXSourcesBuildPhase section */
		79FCBF0918E49E6E0005959A /* Sources */ = {
			isa = PBXSourcesBuildPhase;
			buildActionMask = 2147483647;
			files = (
				791F834818EB659600C0BB80 /* _TwitterKitSymbol.m in Sources */,
				791F833618EB5E8D00C0BB80 /* TwitterKitMediaSize.m in Sources */,
				79D8A4F818E600D30024F0D5 /* _TwitterKitTweet.m in Sources */,
				791F835118EB67A800C0BB80 /* TwitterKitPlace.m in Sources */,
				79D8A4F918E600D30024F0D5 /* _TwitterKitUser.m in Sources */,
				791F833F18EB626D00C0BB80 /* TwitterKitMention.m in Sources */,
				79FCBF3B18E49ED20005959A /* MERTwitterClient.m in Sources */,
				79FCBF9F18E4D2C80005959A /* MERTwitterKitTweetViewModel.m in Sources */,
				791F835C18EBBC9300C0BB80 /* TwitterKitUrl.m in Sources */,
				791F835A18EBB9C600C0BB80 /* _TwitterKitHashtag.m in Sources */,
				791F835F18EBBC9900C0BB80 /* _TwitterKitUrl.m in Sources */,
				791F833318EB5E8200C0BB80 /* _TwitterKitMediaSize.m in Sources */,
				79D8A4FA18E600D30024F0D5 /* TwitterKitTweet.m in Sources */,
				791F833018EB5D9700C0BB80 /* TwitterKitMedia.m in Sources */,
				791F835718EBB9C000C0BB80 /* TwitterKitHashtag.m in Sources */,
				791F834218EB627400C0BB80 /* _TwitterKitMention.m in Sources */,
				79D8A4FB18E600D30024F0D5 /* TwitterKitUser.m in Sources */,
				79D8A51818EA16AA0024F0D5 /* MERTwitterKitUserViewModel.m in Sources */,
				791F835418EB67AD00C0BB80 /* _TwitterKitPlace.m in Sources */,
				791F834518EB659100C0BB80 /* TwitterKitSymbol.m in Sources */,
				791F832D18EB5D8F00C0BB80 /* _TwitterKitMedia.m in Sources */,
			);
			runOnlyForDeploymentPostprocessing = 0;
		};
		79FCBF1918E49E6E0005959A /* Sources */ = {
			isa = PBXSourcesBuildPhase;
			buildActionMask = 2147483647;
			files = (
				79FCBF2D18E49E6F0005959A /* MERTwitterKitTests.m in Sources */,
			);
			runOnlyForDeploymentPostprocessing = 0;
		};
		79FCBF3F18E4A2780005959A /* Sources */ = {
			isa = PBXSourcesBuildPhase;
			buildActionMask = 2147483647;
			files = (
				791F838918F9F2CC00C0BB80 /* MERTweetUpdateViewController.m in Sources */,
				791F838618F919C700C0BB80 /* MERTweetDetailViewController.m in Sources */,
				79FCBF5C18E4A2780005959A /* MERRootViewController.m in Sources */,
				79FCBF4F18E4A2780005959A /* main.m in Sources */,
				79FCBFA218E4D9C60005959A /* MERTweetTableViewCell.m in Sources */,
				791F838318F9160D00C0BB80 /* MERTweetsTableViewController.m in Sources */,
				79FCBF5318E4A2780005959A /* MERAppDelegate.m in Sources */,
			);
			runOnlyForDeploymentPostprocessing = 0;
		};
		79FCBF7718E4A2B00005959A /* Sources */ = {
			isa = PBXSourcesBuildPhase;
			buildActionMask = 2147483647;
			files = (
				79FCBF9118E4D0BE0005959A /* MERTwitterKit.xcdatamodeld in Sources */,
			);
			runOnlyForDeploymentPostprocessing = 0;
		};
/* End PBXSourcesBuildPhase section */

/* Begin PBXTargetDependency section */
		79FCBF2418E49E6F0005959A /* PBXTargetDependency */ = {
			isa = PBXTargetDependency;
			target = 79FCBF0C18E49E6E0005959A /* MERTwitterKit */;
			targetProxy = 79FCBF2318E49E6F0005959A /* PBXContainerItemProxy */;
		};
		79FCBF8918E4A2D20005959A /* PBXTargetDependency */ = {
			isa = PBXTargetDependency;
			target = 79FCBF7A18E4A2B00005959A /* MERTwitterKitResources */;
			targetProxy = 79FCBF8818E4A2D20005959A /* PBXContainerItemProxy */;
		};
		79FCBF8B18E4A2DC0005959A /* PBXTargetDependency */ = {
			isa = PBXTargetDependency;
			target = 79FCBF0C18E49E6E0005959A /* MERTwitterKit */;
			targetProxy = 79FCBF8A18E4A2DC0005959A /* PBXContainerItemProxy */;
		};
/* End PBXTargetDependency section */

/* Begin PBXVariantGroup section */
		791F838A18FA795600C0BB80 /* MERTweetUpdateViewController.xib */ = {
			isa = PBXVariantGroup;
			children = (
				791F838B18FA795600C0BB80 /* en */,
			);
			name = MERTweetUpdateViewController.xib;
			sourceTree = "<group>";
		};
		79FCBF2918E49E6F0005959A /* InfoPlist.strings */ = {
			isa = PBXVariantGroup;
			children = (
				79FCBF2A18E49E6F0005959A /* en */,
			);
			name = InfoPlist.strings;
			sourceTree = "<group>";
		};
		79FCBF4B18E4A2780005959A /* InfoPlist.strings */ = {
			isa = PBXVariantGroup;
			children = (
				79FCBF4C18E4A2780005959A /* en */,
			);
			name = InfoPlist.strings;
			sourceTree = "<group>";
		};
		79FCBF8118E4A2B00005959A /* InfoPlist.strings */ = {
			isa = PBXVariantGroup;
			children = (
				79FCBF8218E4A2B00005959A /* en */,
			);
			name = InfoPlist.strings;
			sourceTree = "<group>";
		};
/* End PBXVariantGroup section */

/* Begin XCBuildConfiguration section */
		79FCBF2E18E49E6F0005959A /* Debug */ = {
			isa = XCBuildConfiguration;
			buildSettings = {
				ALWAYS_SEARCH_USER_PATHS = NO;
				CLANG_CXX_LANGUAGE_STANDARD = "gnu++0x";
				CLANG_CXX_LIBRARY = "libc++";
				CLANG_ENABLE_MODULES = YES;
				CLANG_ENABLE_OBJC_ARC = YES;
				CLANG_WARN_BOOL_CONVERSION = YES;
				CLANG_WARN_CONSTANT_CONVERSION = YES;
				CLANG_WARN_DIRECT_OBJC_ISA_USAGE = YES_ERROR;
				CLANG_WARN_EMPTY_BODY = YES;
				CLANG_WARN_ENUM_CONVERSION = YES;
				CLANG_WARN_INT_CONVERSION = YES;
				CLANG_WARN_OBJC_ROOT_CLASS = YES_ERROR;
				CLANG_WARN__DUPLICATE_METHOD_MATCH = YES;
				COPY_PHASE_STRIP = NO;
				GCC_C_LANGUAGE_STANDARD = gnu99;
				GCC_DYNAMIC_NO_PIC = NO;
				GCC_OPTIMIZATION_LEVEL = 0;
				GCC_PREPROCESSOR_DEFINITIONS = (
					"DEBUG=1",
					"$(inherited)",
				);
				GCC_SYMBOLS_PRIVATE_EXTERN = NO;
				GCC_WARN_64_TO_32_BIT_CONVERSION = YES;
				GCC_WARN_ABOUT_RETURN_TYPE = YES_ERROR;
				GCC_WARN_UNDECLARED_SELECTOR = YES;
				GCC_WARN_UNINITIALIZED_AUTOS = YES_AGGRESSIVE;
				GCC_WARN_UNUSED_FUNCTION = YES;
				GCC_WARN_UNUSED_VARIABLE = YES;
				IPHONEOS_DEPLOYMENT_TARGET = 7.1;
				ONLY_ACTIVE_ARCH = YES;
				SDKROOT = iphoneos;
			};
			name = Debug;
		};
		79FCBF2F18E49E6F0005959A /* Release */ = {
			isa = XCBuildConfiguration;
			buildSettings = {
				ALWAYS_SEARCH_USER_PATHS = NO;
				CLANG_CXX_LANGUAGE_STANDARD = "gnu++0x";
				CLANG_CXX_LIBRARY = "libc++";
				CLANG_ENABLE_MODULES = YES;
				CLANG_ENABLE_OBJC_ARC = YES;
				CLANG_WARN_BOOL_CONVERSION = YES;
				CLANG_WARN_CONSTANT_CONVERSION = YES;
				CLANG_WARN_DIRECT_OBJC_ISA_USAGE = YES_ERROR;
				CLANG_WARN_EMPTY_BODY = YES;
				CLANG_WARN_ENUM_CONVERSION = YES;
				CLANG_WARN_INT_CONVERSION = YES;
				CLANG_WARN_OBJC_ROOT_CLASS = YES_ERROR;
				CLANG_WARN__DUPLICATE_METHOD_MATCH = YES;
				COPY_PHASE_STRIP = YES;
				ENABLE_NS_ASSERTIONS = NO;
				GCC_C_LANGUAGE_STANDARD = gnu99;
				GCC_WARN_64_TO_32_BIT_CONVERSION = YES;
				GCC_WARN_ABOUT_RETURN_TYPE = YES_ERROR;
				GCC_WARN_UNDECLARED_SELECTOR = YES;
				GCC_WARN_UNINITIALIZED_AUTOS = YES_AGGRESSIVE;
				GCC_WARN_UNUSED_FUNCTION = YES;
				GCC_WARN_UNUSED_VARIABLE = YES;
				IPHONEOS_DEPLOYMENT_TARGET = 7.1;
				SDKROOT = iphoneos;
				VALIDATE_PRODUCT = YES;
			};
			name = Release;
		};
		79FCBF3118E49E6F0005959A /* Debug */ = {
			isa = XCBuildConfiguration;
			baseConfigurationReference = DC80D293A3DB467EAA889C69 /* Pods.xcconfig */;
			buildSettings = {
				DSTROOT = /tmp/MERTwitterKit.dst;
				GCC_PRECOMPILE_PREFIX_HEADER = YES;
				GCC_PREFIX_HEADER = "MERTwitterKit/MERTwitterKit-Prefix.pch";
				OTHER_LDFLAGS = "-ObjC";
				PRIVATE_HEADERS_FOLDER_PATH = "include/$(TARGET_NAME)";
				PRODUCT_NAME = "$(TARGET_NAME)";
				PUBLIC_HEADERS_FOLDER_PATH = include;
				SKIP_INSTALL = YES;
			};
			name = Debug;
		};
		79FCBF3218E49E6F0005959A /* Release */ = {
			isa = XCBuildConfiguration;
			baseConfigurationReference = DC80D293A3DB467EAA889C69 /* Pods.xcconfig */;
			buildSettings = {
				DSTROOT = /tmp/MERTwitterKit.dst;
				GCC_PRECOMPILE_PREFIX_HEADER = YES;
				GCC_PREFIX_HEADER = "MERTwitterKit/MERTwitterKit-Prefix.pch";
				OTHER_LDFLAGS = "-ObjC";
				PRIVATE_HEADERS_FOLDER_PATH = "include/$(TARGET_NAME)";
				PRODUCT_NAME = "$(TARGET_NAME)";
				PUBLIC_HEADERS_FOLDER_PATH = include;
				SKIP_INSTALL = YES;
			};
			name = Release;
		};
		79FCBF3418E49E6F0005959A /* Debug */ = {
			isa = XCBuildConfiguration;
			buildSettings = {
				BUNDLE_LOADER = "$(BUILT_PRODUCTS_DIR)/MERTwitterKitDemo.app/MERTwitterKitDemo";
				FRAMEWORK_SEARCH_PATHS = (
					"$(SDKROOT)/Developer/Library/Frameworks",
					"$(inherited)",
					"$(DEVELOPER_FRAMEWORKS_DIR)",
				);
				GCC_PRECOMPILE_PREFIX_HEADER = YES;
				GCC_PREFIX_HEADER = "MERTwitterKit/MERTwitterKit-Prefix.pch";
				GCC_PREPROCESSOR_DEFINITIONS = (
					"DEBUG=1",
					"$(inherited)",
				);
				INFOPLIST_FILE = "MERTwitterKitTests/MERTwitterKitTests-Info.plist";
				PRODUCT_NAME = "$(TARGET_NAME)";
				TEST_HOST = "$(BUNDLE_LOADER)";
				WRAPPER_EXTENSION = xctest;
			};
			name = Debug;
		};
		79FCBF3518E49E6F0005959A /* Release */ = {
			isa = XCBuildConfiguration;
			buildSettings = {
				BUNDLE_LOADER = "$(BUILT_PRODUCTS_DIR)/MERTwitterKitDemo.app/MERTwitterKitDemo";
				FRAMEWORK_SEARCH_PATHS = (
					"$(SDKROOT)/Developer/Library/Frameworks",
					"$(inherited)",
					"$(DEVELOPER_FRAMEWORKS_DIR)",
				);
				GCC_PRECOMPILE_PREFIX_HEADER = YES;
				GCC_PREFIX_HEADER = "MERTwitterKit/MERTwitterKit-Prefix.pch";
				INFOPLIST_FILE = "MERTwitterKitTests/MERTwitterKitTests-Info.plist";
				PRODUCT_NAME = "$(TARGET_NAME)";
				TEST_HOST = "$(BUNDLE_LOADER)";
				WRAPPER_EXTENSION = xctest;
			};
			name = Release;
		};
		79FCBF7218E4A2780005959A /* Debug */ = {
			isa = XCBuildConfiguration;
			baseConfigurationReference = DC80D293A3DB467EAA889C69 /* Pods.xcconfig */;
			buildSettings = {
				ASSETCATALOG_COMPILER_APPICON_NAME = AppIcon;
				ASSETCATALOG_COMPILER_LAUNCHIMAGE_NAME = LaunchImage;
				"CODE_SIGN_IDENTITY[sdk=iphoneos*]" = "iPhone Developer";
				FRAMEWORK_SEARCH_PATHS = (
					"$(inherited)",
					"$(DEVELOPER_FRAMEWORKS_DIR)",
				);
				GCC_PRECOMPILE_PREFIX_HEADER = YES;
				GCC_PREFIX_HEADER = "MERTwitterKitDemo/MERTwitterKitDemo-Prefix.pch";
				GCC_PREPROCESSOR_DEFINITIONS = (
					"DEBUG=1",
					"$(inherited)",
				);
				INFOPLIST_FILE = "MERTwitterKitDemo/MERTwitterKitDemo-Info.plist";
				PRODUCT_NAME = "$(TARGET_NAME)";
				TARGETED_DEVICE_FAMILY = 1;
				WRAPPER_EXTENSION = app;
			};
			name = Debug;
		};
		79FCBF7318E4A2780005959A /* Release */ = {
			isa = XCBuildConfiguration;
			baseConfigurationReference = DC80D293A3DB467EAA889C69 /* Pods.xcconfig */;
			buildSettings = {
				ASSETCATALOG_COMPILER_APPICON_NAME = AppIcon;
				ASSETCATALOG_COMPILER_LAUNCHIMAGE_NAME = LaunchImage;
				"CODE_SIGN_IDENTITY[sdk=iphoneos*]" = "iPhone Developer";
				FRAMEWORK_SEARCH_PATHS = (
					"$(inherited)",
					"$(DEVELOPER_FRAMEWORKS_DIR)",
				);
				GCC_PRECOMPILE_PREFIX_HEADER = YES;
				GCC_PREFIX_HEADER = "MERTwitterKitDemo/MERTwitterKitDemo-Prefix.pch";
				INFOPLIST_FILE = "MERTwitterKitDemo/MERTwitterKitDemo-Info.plist";
				PRODUCT_NAME = "$(TARGET_NAME)";
				TARGETED_DEVICE_FAMILY = 1;
				WRAPPER_EXTENSION = app;
			};
			name = Release;
		};
		79FCBF8618E4A2B00005959A /* Debug */ = {
			isa = XCBuildConfiguration;
			buildSettings = {
				COMBINE_HIDPI_IMAGES = NO;
				GCC_ENABLE_OBJC_EXCEPTIONS = YES;
				GCC_PRECOMPILE_PREFIX_HEADER = YES;
				GCC_PREFIX_HEADER = "MERTwitterKitResources/MERTwitterKitResources-Prefix.pch";
				GCC_PREPROCESSOR_DEFINITIONS = (
					"DEBUG=1",
					"$(inherited)",
				);
				INFOPLIST_FILE = "MERTwitterKitResources/MERTwitterKitResources-Info.plist";
				INSTALL_PATH = "$(LOCAL_LIBRARY_DIR)/Bundles";
				MACOSX_DEPLOYMENT_TARGET = 10.9;
				PRODUCT_NAME = "$(TARGET_NAME)";
				SDKROOT = iphoneos;
				WRAPPER_EXTENSION = bundle;
			};
			name = Debug;
		};
		79FCBF8718E4A2B00005959A /* Release */ = {
			isa = XCBuildConfiguration;
			buildSettings = {
				COMBINE_HIDPI_IMAGES = NO;
				DEBUG_INFORMATION_FORMAT = "dwarf-with-dsym";
				GCC_ENABLE_OBJC_EXCEPTIONS = YES;
				GCC_PRECOMPILE_PREFIX_HEADER = YES;
				GCC_PREFIX_HEADER = "MERTwitterKitResources/MERTwitterKitResources-Prefix.pch";
				INFOPLIST_FILE = "MERTwitterKitResources/MERTwitterKitResources-Info.plist";
				INSTALL_PATH = "$(LOCAL_LIBRARY_DIR)/Bundles";
				MACOSX_DEPLOYMENT_TARGET = 10.9;
				PRODUCT_NAME = "$(TARGET_NAME)";
				SDKROOT = iphoneos;
				WRAPPER_EXTENSION = bundle;
			};
			name = Release;
		};
/* End XCBuildConfiguration section */

/* Begin XCConfigurationList section */
		79FCBF0818E49E6E0005959A /* Build configuration list for PBXProject "MERTwitterKit" */ = {
			isa = XCConfigurationList;
			buildConfigurations = (
				79FCBF2E18E49E6F0005959A /* Debug */,
				79FCBF2F18E49E6F0005959A /* Release */,
			);
			defaultConfigurationIsVisible = 0;
			defaultConfigurationName = Release;
		};
		79FCBF3018E49E6F0005959A /* Build configuration list for PBXNativeTarget "MERTwitterKit" */ = {
			isa = XCConfigurationList;
			buildConfigurations = (
				79FCBF3118E49E6F0005959A /* Debug */,
				79FCBF3218E49E6F0005959A /* Release */,
			);
			defaultConfigurationIsVisible = 0;
			defaultConfigurationName = Release;
		};
		79FCBF3318E49E6F0005959A /* Build configuration list for PBXNativeTarget "MERTwitterKitTests" */ = {
			isa = XCConfigurationList;
			buildConfigurations = (
				79FCBF3418E49E6F0005959A /* Debug */,
				79FCBF3518E49E6F0005959A /* Release */,
			);
			defaultConfigurationIsVisible = 0;
			defaultConfigurationName = Release;
		};
		79FCBF7118E4A2780005959A /* Build configuration list for PBXNativeTarget "MERTwitterKitDemo" */ = {
			isa = XCConfigurationList;
			buildConfigurations = (
				79FCBF7218E4A2780005959A /* Debug */,
				79FCBF7318E4A2780005959A /* Release */,
			);
			defaultConfigurationIsVisible = 0;
			defaultConfigurationName = Release;
		};
		79FCBF8518E4A2B00005959A /* Build configuration list for PBXNativeTarget "MERTwitterKitResources" */ = {
			isa = XCConfigurationList;
			buildConfigurations = (
				79FCBF8618E4A2B00005959A /* Debug */,
				79FCBF8718E4A2B00005959A /* Release */,
			);
			defaultConfigurationIsVisible = 0;
			defaultConfigurationName = Release;
		};
/* End XCConfigurationList section */

/* Begin XCVersionGroup section */
		79FCBF8F18E4D0BE0005959A /* MERTwitterKit.xcdatamodeld */ = {
			isa = XCVersionGroup;
			children = (
				79FCBF9018E4D0BE0005959A /* MERTwitterKit.xcdatamodel */,
			);
			currentVersion = 79FCBF9018E4D0BE0005959A /* MERTwitterKit.xcdatamodel */;
			path = MERTwitterKit.xcdatamodeld;
			sourceTree = "<group>";
			versionGroupType = wrapper.xcdatamodel;
		};
/* End XCVersionGroup section */
	};
	rootObject = 79FCBF0518E49E6E0005959A /* Project object */;
}
